// !$*UTF8*$!
{
	archiveVersion = 1;
	classes = {
	};
	objectVersion = 55;
	objects = {

/* Begin PBXBuildFile section */
		49B9CE6D29C04734004FD11D /* AppDelegate.swift in Sources */ = {isa = PBXBuildFile; fileRef = 49B9CE6C29C04734004FD11D /* AppDelegate.swift */; };
		49B9CE6F29C04734004FD11D /* SceneDelegate.swift in Sources */ = {isa = PBXBuildFile; fileRef = 49B9CE6E29C04734004FD11D /* SceneDelegate.swift */; };
		49B9CE7129C04734004FD11D /* ViewController.swift in Sources */ = {isa = PBXBuildFile; fileRef = 49B9CE7029C04734004FD11D /* ViewController.swift */; };
		49B9CE7429C04734004FD11D /* Main.storyboard in Resources */ = {isa = PBXBuildFile; fileRef = 49B9CE7229C04734004FD11D /* Main.storyboard */; };
		49B9CE7629C04735004FD11D /* Assets.xcassets in Resources */ = {isa = PBXBuildFile; fileRef = 49B9CE7529C04735004FD11D /* Assets.xcassets */; };
		49B9CE7929C04735004FD11D /* LaunchScreen.storyboard in Resources */ = {isa = PBXBuildFile; fileRef = 49B9CE7729C04735004FD11D /* LaunchScreen.storyboard */; };
		49B9CE8129C04C50004FD11D /* MyCollectionViewCell.swift in Sources */ = {isa = PBXBuildFile; fileRef = 49B9CE8029C04C50004FD11D /* MyCollectionViewCell.swift */; };
		49B9CE8329C05D9C004FD11D /* myCollectionViewCell2.swift in Sources */ = {isa = PBXBuildFile; fileRef = 49B9CE8229C05D9C004FD11D /* myCollectionViewCell2.swift */; };
		49B9CE8529C06181004FD11D /* myCollectionViewCell3.swift in Sources */ = {isa = PBXBuildFile; fileRef = 49B9CE8429C06181004FD11D /* myCollectionViewCell3.swift */; };
/* End PBXBuildFile section */

/* Begin PBXFileReference section */
		49B9CE6929C04734004FD11D /* collectionview project.app */ = {isa = PBXFileReference; explicitFileType = wrapper.application; includeInIndex = 0; path = "collectionview project.app"; sourceTree = BUILT_PRODUCTS_DIR; };
		49B9CE6C29C04734004FD11D /* AppDelegate.swift */ = {isa = PBXFileReference; lastKnownFileType = sourcecode.swift; path = AppDelegate.swift; sourceTree = "<group>"; };
		49B9CE6E29C04734004FD11D /* SceneDelegate.swift */ = {isa = PBXFileReference; lastKnownFileType = sourcecode.swift; path = SceneDelegate.swift; sourceTree = "<group>"; };
		49B9CE7029C04734004FD11D /* ViewController.swift */ = {isa = PBXFileReference; lastKnownFileType = sourcecode.swift; path = ViewController.swift; sourceTree = "<group>"; };
		49B9CE7329C04734004FD11D /* Base */ = {isa = PBXFileReference; lastKnownFileType = file.storyboard; name = Base; path = Base.lproj/Main.storyboard; sourceTree = "<group>"; };
		49B9CE7529C04735004FD11D /* Assets.xcassets */ = {isa = PBXFileReference; lastKnownFileType = folder.assetcatalog; path = Assets.xcassets; sourceTree = "<group>"; };
		49B9CE7829C04735004FD11D /* Base */ = {isa = PBXFileReference; lastKnownFileType = file.storyboard; name = Base; path = Base.lproj/LaunchScreen.storyboard; sourceTree = "<group>"; };
		49B9CE7A29C04735004FD11D /* Info.plist */ = {isa = PBXFileReference; lastKnownFileType = text.plist.xml; path = Info.plist; sourceTree = "<group>"; };
		49B9CE8029C04C50004FD11D /* MyCollectionViewCell.swift */ = {isa = PBXFileReference; lastKnownFileType = sourcecode.swift; path = MyCollectionViewCell.swift; sourceTree = "<group>"; };
		49B9CE8229C05D9C004FD11D /* myCollectionViewCell2.swift */ = {isa = PBXFileReference; lastKnownFileType = sourcecode.swift; path = myCollectionViewCell2.swift; sourceTree = "<group>"; };
		49B9CE8429C06181004FD11D /* myCollectionViewCell3.swift */ = {isa = PBXFileReference; lastKnownFileType = sourcecode.swift; path = myCollectionViewCell3.swift; sourceTree = "<group>"; };
/* End PBXFileReference section */

/* Begin PBXFrameworksBuildPhase section */
		49B9CE6629C04734004FD11D /* Frameworks */ = {
			isa = PBXFrameworksBuildPhase;
			buildActionMask = 2147483647;
			files = (
			);
			runOnlyForDeploymentPostprocessing = 0;
		};
/* End PBXFrameworksBuildPhase section */

/* Begin PBXGroup section */
		49B9CE6029C04734004FD11D = {
			isa = PBXGroup;
			children = (
				49B9CE6B29C04734004FD11D /* collectionview project */,
				49B9CE6A29C04734004FD11D /* Products */,
			);
			sourceTree = "<group>";
		};
		49B9CE6A29C04734004FD11D /* Products */ = {
			isa = PBXGroup;
			children = (
				49B9CE6929C04734004FD11D /* collectionview project.app */,
			);
			name = Products;
			sourceTree = "<group>";
		};
		49B9CE6B29C04734004FD11D /* collectionview project */ = {
			isa = PBXGroup;
			children = (
				49B9CE6C29C04734004FD11D /* AppDelegate.swift */,
				49B9CE6E29C04734004FD11D /* SceneDelegate.swift */,
				49B9CE7029C04734004FD11D /* ViewController.swift */,
				49B9CE7229C04734004FD11D /* Main.storyboard */,
				49B9CE8429C06181004FD11D /* myCollectionViewCell3.swift */,
				49B9CE8229C05D9C004FD11D /* myCollectionViewCell2.swift */,
				49B9CE8029C04C50004FD11D /* MyCollectionViewCell.swift */,
				49B9CE7529C04735004FD11D /* Assets.xcassets */,
				49B9CE7729C04735004FD11D /* LaunchScreen.storyboard */,
				49B9CE7A29C04735004FD11D /* Info.plist */,
			);
			path = "collectionview project";
			sourceTree = "<group>";
		};
/* End PBXGroup section */

/* Begin PBXNativeTarget section */
		49B9CE6829C04734004FD11D /* collectionview project */ = {
			isa = PBXNativeTarget;
			buildConfigurationList = 49B9CE7D29C04735004FD11D /* Build configuration list for PBXNativeTarget "collectionview project" */;
			buildPhases = (
				49B9CE6529C04734004FD11D /* Sources */,
				49B9CE6629C04734004FD11D /* Frameworks */,
				49B9CE6729C04734004FD11D /* Resources */,
			);
			buildRules = (
			);
			dependencies = (
			);
			name = "collectionview project";
			productName = "collectionview project";
			productReference = 49B9CE6929C04734004FD11D /* collectionview project.app */;
			productType = "com.apple.product-type.application";
		};
/* End PBXNativeTarget section */

/* Begin PBXProject section */
		49B9CE6129C04734004FD11D /* Project object */ = {
			isa = PBXProject;
			attributes = {
				BuildIndependentTargetsInParallel = 1;
				LastSwiftUpdateCheck = 1420;
				LastUpgradeCheck = 1420;
				TargetAttributes = {
					49B9CE6829C04734004FD11D = {
						CreatedOnToolsVersion = 14.2;
					};
				};
			};
			buildConfigurationList = 49B9CE6429C04734004FD11D /* Build configuration list for PBXProject "collectionview project" */;
			compatibilityVersion = "Xcode 13.0";
			developmentRegion = en;
			hasScannedForEncodings = 0;
			knownRegions = (
				en,
				Base,
			);
			mainGroup = 49B9CE6029C04734004FD11D;
			productRefGroup = 49B9CE6A29C04734004FD11D /* Products */;
			projectDirPath = "";
			projectRoot = "";
			targets = (
				49B9CE6829C04734004FD11D /* collectionview project */,
			);
		};
/* End PBXProject section */

/* Begin PBXResourcesBuildPhase section */
		49B9CE6729C04734004FD11D /* Resources */ = {
			isa = PBXResourcesBuildPhase;
			buildActionMask = 2147483647;
			files = (
				49B9CE7929C04735004FD11D /* LaunchScreen.storyboard in Resources */,
				49B9CE7629C04735004FD11D /* Assets.xcassets in Resources */,
				49B9CE7429C04734004FD11D /* Main.storyboard in Resources */,
			);
			runOnlyForDeploymentPostprocessing = 0;
		};
/* End PBXResourcesBuildPhase section */

/* Begin PBXSourcesBuildPhase section */
		49B9CE6529C04734004FD11D /* Sources */ = {
			isa = PBXSourcesBuildPhase;
			buildActionMask = 2147483647;
			files = (
				49B9CE7129C04734004FD11D /* ViewController.swift in Sources */,
				49B9CE6D29C04734004FD11D /* AppDelegate.swift in Sources */,
				49B9CE8529C06181004FD11D /* myCollectionViewCell3.swift in Sources */,
				49B9CE8329C05D9C004FD11D /* myCollectionViewCell2.swift in Sources */,
				49B9CE8129C04C50004FD11D /* MyCollectionViewCell.swift in Sources */,
				49B9CE6F29C04734004FD11D /* SceneDelegate.swift in Sources */,
			);
			runOnlyForDeploymentPostprocessing = 0;
		};
/* End PBXSourcesBuildPhase section */

/* Begin PBXVariantGroup section */
		49B9CE7229C04734004FD11D /* Main.storyboard */ = {
			isa = PBXVariantGroup;
			children = (
				49B9CE7329C04734004FD11D /* Base */,
			);
			name = Main.storyboard;
			sourceTree = "<group>";
		};
		49B9CE7729C04735004FD11D /* LaunchScreen.storyboard */ = {
			isa = PBXVariantGroup;
			children = (
				49B9CE7829C04735004FD11D /* Base */,
			);
			name = LaunchScreen.storyboard;
			sourceTree = "<group>";
		};
/* End PBXVariantGroup section */

/* Begin XCBuildConfiguration section */
		49B9CE7B29C04735004FD11D /* Debug */ = {
			isa = XCBuildConfiguration;
			buildSettings = {
				ALWAYS_SEARCH_USER_PATHS = NO;
				CLANG_ANALYZER_NONNULL = YES;
				CLANG_ANALYZER_NUMBER_OBJECT_CONVERSION = YES_AGGRESSIVE;
				CLANG_CXX_LANGUAGE_STANDARD = "gnu++20";
				CLANG_ENABLE_MODULES = YES;
				CLANG_ENABLE_OBJC_ARC = YES;
				CLANG_ENABLE_OBJC_WEAK = YES;
				CLANG_WARN_BLOCK_CAPTURE_AUTORELEASING = YES;
				CLANG_WARN_BOOL_CONVERSION = YES;
				CLANG_WARN_COMMA = YES;
				CLANG_WARN_CONSTANT_CONVERSION = YES;
				CLANG_WARN_DEPRECATED_OBJC_IMPLEMENTATIONS = YES;
				CLANG_WARN_DIRECT_OBJC_ISA_USAGE = YES_ERROR;
				CLANG_WARN_DOCUMENTATION_COMMENTS = YES;
				CLANG_WARN_EMPTY_BODY = YES;
				CLANG_WARN_ENUM_CONVERSION = YES;
				CLANG_WARN_INFINITE_RECURSION = YES;
				CLANG_WARN_INT_CONVERSION = YES;
				CLANG_WARN_NON_LITERAL_NULL_CONVERSION = YES;
				CLANG_WARN_OBJC_IMPLICIT_RETAIN_SELF = YES;
				CLANG_WARN_OBJC_LITERAL_CONVERSION = YES;
				CLANG_WARN_OBJC_ROOT_CLASS = YES_ERROR;
				CLANG_WARN_QUOTED_INCLUDE_IN_FRAMEWORK_HEADER = YES;
				CLANG_WARN_RANGE_LOOP_ANALYSIS = YES;
				CLANG_WARN_STRICT_PROTOTYPES = YES;
				CLANG_WARN_SUSPICIOUS_MOVE = YES;
				CLANG_WARN_UNGUARDED_AVAILABILITY = YES_AGGRESSIVE;
				CLANG_WARN_UNREACHABLE_CODE = YES;
				CLANG_WARN__DUPLICATE_METHOD_MATCH = YES;
				COPY_PHASE_STRIP = NO;
				DEBUG_INFORMATION_FORMAT = dwarf;
				ENABLE_STRICT_OBJC_MSGSEND = YES;
				ENABLE_TESTABILITY = YES;
				GCC_C_LANGUAGE_STANDARD = gnu11;
				GCC_DYNAMIC_NO_PIC = NO;
				GCC_NO_COMMON_BLOCKS = YES;
				GCC_OPTIMIZATION_LEVEL = 0;
				GCC_PREPROCESSOR_DEFINITIONS = (
					"DEBUG=1",
					"$(inherited)",
				);
				GCC_WARN_64_TO_32_BIT_CONVERSION = YES;
				GCC_WARN_ABOUT_RETURN_TYPE = YES_ERROR;
				GCC_WARN_UNDECLARED_SELECTOR = YES;
				GCC_WARN_UNINITIALIZED_AUTOS = YES_AGGRESSIVE;
				GCC_WARN_UNUSED_FUNCTION = YES;
				GCC_WARN_UNUSED_VARIABLE = YES;
				IPHONEOS_DEPLOYMENT_TARGET = 16.2;
				MTL_ENABLE_DEBUG_INFO = INCLUDE_SOURCE;
				MTL_FAST_MATH = YES;
				ONLY_ACTIVE_ARCH = YES;
				SDKROOT = iphoneos;
				SWIFT_ACTIVE_COMPILATION_CONDITIONS = DEBUG;
				SWIFT_OPTIMIZATION_LEVEL = "-Onone";
			};
			name = Debug;
		};
		49B9CE7C29C04735004FD11D /* Release */ = {
			isa = XCBuildConfiguration;
			buildSettings = {
				ALWAYS_SEARCH_USER_PATHS = NO;
				CLANG_ANALYZER_NONNULL = YES;
				CLANG_ANALYZER_NUMBER_OBJECT_CONVERSION = YES_AGGRESSIVE;
				CLANG_CXX_LANGUAGE_STANDARD = "gnu++20";
				CLANG_ENABLE_MODULES = YES;
				CLANG_ENABLE_OBJC_ARC = YES;
				CLANG_ENABLE_OBJC_WEAK = YES;
				CLANG_WARN_BLOCK_CAPTURE_AUTORELEASING = YES;
				CLANG_WARN_BOOL_CONVERSION = YES;
				CLANG_WARN_COMMA = YES;
				CLANG_WARN_CONSTANT_CONVERSION = YES;
				CLANG_WARN_DEPRECATED_OBJC_IMPLEMENTATIONS = YES;
				CLANG_WARN_DIRECT_OBJC_ISA_USAGE = YES_ERROR;
				CLANG_WARN_DOCUMENTATION_COMMENTS = YES;
				CLANG_WARN_EMPTY_BODY = YES;
				CLANG_WARN_ENUM_CONVERSION = YES;
				CLANG_WARN_INFINITE_RECURSION = YES;
				CLANG_WARN_INT_CONVERSION = YES;
				CLANG_WARN_NON_LITERAL_NULL_CONVERSION = YES;
				CLANG_WARN_OBJC_IMPLICIT_RETAIN_SELF = YES;
				CLANG_WARN_OBJC_LITERAL_CONVERSION = YES;
				CLANG_WARN_OBJC_ROOT_CLASS = YES_ERROR;
				CLANG_WARN_QUOTED_INCLUDE_IN_FRAMEWORK_HEADER = YES;
				CLANG_WARN_RANGE_LOOP_ANALYSIS = YES;
				CLANG_WARN_STRICT_PROTOTYPES = YES;
				CLANG_WARN_SUSPICIOUS_MOVE = YES;
				CLANG_WARN_UNGUARDED_AVAILABILITY = YES_AGGRESSIVE;
				CLANG_WARN_UNREACHABLE_CODE = YES;
				CLANG_WARN__DUPLICATE_METHOD_MATCH = YES;
				COPY_PHASE_STRIP = NO;
				DEBUG_INFORMATION_FORMAT = "dwarf-with-dsym";
				ENABLE_NS_ASSERTIONS = NO;
				ENABLE_STRICT_OBJC_MSGSEND = YES;
				GCC_C_LANGUAGE_STANDARD = gnu11;
				GCC_NO_COMMON_BLOCKS = YES;
				GCC_WARN_64_TO_32_BIT_CONVERSION = YES;
				GCC_WARN_ABOUT_RETURN_TYPE = YES_ERROR;
				GCC_WARN_UNDECLARED_SELECTOR = YES;
				GCC_WARN_UNINITIALIZED_AUTOS = YES_AGGRESSIVE;
				GCC_WARN_UNUSED_FUNCTION = YES;
				GCC_WARN_UNUSED_VARIABLE = YES;
				IPHONEOS_DEPLOYMENT_TARGET = 16.2;
				MTL_ENABLE_DEBUG_INFO = NO;
				MTL_FAST_MATH = YES;
				SDKROOT = iphoneos;
				SWIFT_COMPILATION_MODE = wholemodule;
				SWIFT_OPTIMIZATION_LEVEL = "-O";
				VALIDATE_PRODUCT = YES;
			};
			name = Release;
		};
		49B9CE7E29C04735004FD11D /* Debug */ = {
			isa = XCBuildConfiguration;
			buildSettings = {
				ASSETCATALOG_COMPILER_APPICON_NAME = AppIcon;
				ASSETCATALOG_COMPILER_GLOBAL_ACCENT_COLOR_NAME = AccentColor;
				CODE_SIGN_STYLE = Automatic;
				CURRENT_PROJECT_VERSION = 1;
				GENERATE_INFOPLIST_FILE = YES;
				INFOPLIST_FILE = "collectionview project/Info.plist";
				INFOPLIST_KEY_UIApplicationSupportsIndirectInputEvents = YES;
				INFOPLIST_KEY_UILaunchStoryboardName = LaunchScreen;
				INFOPLIST_KEY_UIMainStoryboardFile = Main;
				INFOPLIST_KEY_UISupportedInterfaceOrientations_iPad = "UIInterfaceOrientationPortrait UIInterfaceOrientationPortraitUpsideDown UIInterfaceOrientationLandscapeLeft UIInterfaceOrientationLandscapeRight";
				INFOPLIST_KEY_UISupportedInterfaceOrientations_iPhone = "UIInterfaceOrientationPortrait UIInterfaceOrientationLandscapeLeft UIInterfaceOrientationLandscapeRight";
				LD_RUNPATH_SEARCH_PATHS = (
					"$(inherited)",
					"@executable_path/Frameworks",
				);
				MARKETING_VERSION = 1.0;
				PRODUCT_BUNDLE_IDENTIFIER = "jenis.collectionview-project";
				PRODUCT_NAME = "$(TARGET_NAME)";
				SWIFT_EMIT_LOC_STRINGS = YES;
				SWIFT_VERSION = 5.0;
				TARGETED_DEVICE_FAMILY = "1,2";
			};
			name = Debug;
		};
		49B9CE7F29C04735004FD11D /* Release */ = {
			isa = XCBuildConfiguration;
			buildSettings = {
				ASSETCATALOG_COMPILER_APPICON_NAME = AppIcon;
				ASSETCATALOG_COMPILER_GLOBAL_ACCENT_COLOR_NAME = AccentColor;
				CODE_SIGN_STYLE = Automatic;
				CURRENT_PROJECT_VERSION = 1;
				GENERATE_INFOPLIST_FILE = YES;
				INFOPLIST_FILE = "collectionview project/Info.plist";
				INFOPLIST_KEY_UIApplicationSupportsIndirectInputEvents = YES;
				INFOPLIST_KEY_UILaunchStoryboardName = LaunchScreen;
				INFOPLIST_KEY_UIMainStoryboardFile = Main;
				INFOPLIST_KEY_UISupportedInterfaceOrientations_iPad = "UIInterfaceOrientationPortrait UIInterfaceOrientationPortraitUpsideDown UIInterfaceOrientationLandscapeLeft UIInterfaceOrientationLandscapeRight";
				INFOPLIST_KEY_UISupportedInterfaceOrientations_iPhone = "UIInterfaceOrientationPortrait UIInterfaceOrientationLandscapeLeft UIInterfaceOrientationLandscapeRight";
				LD_RUNPATH_SEARCH_PATHS = (
					"$(inherited)",
					"@executable_path/Frameworks",
				);
				MARKETING_VERSION = 1.0;
				PRODUCT_BUNDLE_IDENTIFIER = "jenis.collectionview-project";
				PRODUCT_NAME = "$(TARGET_NAME)";
				SWIFT_EMIT_LOC_STRINGS = YES;
				SWIFT_VERSION = 5.0;
				TARGETED_DEVICE_FAMILY = "1,2";
			};
			name = Release;
		};
/* End XCBuildConfiguration section */

/* Begin XCConfigurationList section */
		49B9CE6429C04734004FD11D /* Build configuration list for PBXProject "collectionview project" */ = {
			isa = XCConfigurationList;
			buildConfigurations = (
				49B9CE7B29C04735004FD11D /* Debug */,
				49B9CE7C29C04735004FD11D /* Release */,
			);
			defaultConfigurationIsVisible = 0;
			defaultConfigurationName = Release;
		};
		49B9CE7D29C04735004FD11D /* Build configuration list for PBXNativeTarget "collectionview project" */ = {
			isa = XCConfigurationList;
			buildConfigurations = (
				49B9CE7E29C04735004FD11D /* Debug */,
				49B9CE7F29C04735004FD11D /* Release */,
			);
			defaultConfigurationIsVisible = 0;
			defaultConfigurationName = Release;
		};
/* End XCConfigurationList section */
	};
	rootObject = 49B9CE6129C04734004FD11D /* Project object */;
}
